
Microsoft Visual Studio Solution File, Format Version 12.00
# Visual Studio Version 17
VisualStudioVersion = 17.3.32825.248
MinimumVisualStudioVersion = 10.0.40219.1
Project("{FAE04EC0-301F-11D3-BF4B-00C04F79EFBC}") = "WindowsFormsApp24", "WindowsFormsApp24.csproj", "{9015D19B-0F04-4E30-9F1D-54AF9852493F}"
EndProject
Global
	GlobalSection(SolutionConfigurationPlatforms) = preSolution
		Debug|Any CPU = Debug|Any CPU
		Release|Any CPU = Release|Any CPU
	EndGlobalSection
	GlobalSection(ProjectConfigurationPlatforms) = postSolution
		{9015D19B-0F04-4E30-9F1D-54AF9852493F}.Debug|Any CPU.ActiveCfg = Debug|Any CPU
		{9015D19B-0F04-4E30-9F1D-54AF9852493F}.Debug|Any CPU.Build.0 = Debug|Any CPU
		{9015D19B-0F04-4E30-9F1D-54AF9852493F}.Release|Any CPU.ActiveCfg = Release|Any CPU
		{9015D19B-0F04-4E30-9F1D-54AF9852493F}.Release|Any CPU.Build.0 = Release|Any CPU
	EndGlobalSection
	GlobalSection(SolutionProperties) = preSolution
		HideSolutionNode = FALSE
	EndGlobalSection
	GlobalSection(ExtensibilityGlobals) = postSolution
		SolutionGuid = {68B9D0E2-39CA-4CE3-BCA6-5A0A124DFDD7}
	EndGlobalSection
EndGlobal
